
Microsoft Visual Studio Solution File, Format Version 12.00
# Visual Studio Version 16
VisualStudioVersion = 16.0.28803.202
MinimumVisualStudioVersion = 10.0.40219.1
Project("{FAE04EC0-301F-11D3-BF4B-00C04F79EFBC}") = "ALE-Ownership-Logger", "ALE-Ownership-Logger.csproj", "{74365311-2C21-4152-86F8-C44F2418A159}"
EndProject
Global
	GlobalSection(SolutionConfigurationPlatforms) = preSolution
		Debug|Any CPU = Debug|Any CPU
		Release|Any CPU = Release|Any CPU
	EndGlobalSection
	GlobalSection(ProjectConfigurationPlatforms) = postSolution
		{74365311-2C21-4152-86F8-C44F2418A159}.Debug|Any CPU.ActiveCfg = Debug|Any CPU
		{74365311-2C21-4152-86F8-C44F2418A159}.Debug|Any CPU.Build.0 = Debug|Any CPU
		{74365311-2C21-4152-86F8-C44F2418A159}.Release|Any CPU.ActiveCfg = Release|Any CPU
		{74365311-2C21-4152-86F8-C44F2418A159}.Release|Any CPU.Build.0 = Release|Any CPU
	EndGlobalSection
	GlobalSection(SolutionProperties) = preSolution
		HideSolutionNode = FALSE
	EndGlobalSection
	GlobalSection(ExtensibilityGlobals) = postSolution
		SolutionGuid = {C065CCA8-8075-4964-8C52-ED0DFD927BFD}
	EndGlobalSection
EndGlobal
